{
  "pins" : [
    {
      "identity" : "scryfallkit",
      "kind" : "remoteSourceControl",
      "location" : "https://github.com/JacobHearst/ScryfallKit",
      "state" : {
        "revision" : "e26a4e4db350ac073211eb6746aaa2cdcc4f377b",
        "version" : "5.5.0"
      }
    }
  ],
  "version" : 2
}
