// !$*UTF8*$!
{
	archiveVersion = 1;
	classes = {
	};
	objectVersion = 56;
	objects = {

/* Begin PBXBuildFile section */
		861079AB2AF0E5F80056EE0B /* AppDelegate.swift in Sources */ = {isa = PBXBuildFile; fileRef = 861079AA2AF0E5F80056EE0B /* AppDelegate.swift */; };
		861079B42AF0E5FA0056EE0B /* Assets.xcassets in Resources */ = {isa = PBXBuildFile; fileRef = 861079B32AF0E5FA0056EE0B /* Assets.xcassets */; };
		861079B72AF0E5FA0056EE0B /* LaunchScreen.storyboard in Resources */ = {isa = PBXBuildFile; fileRef = 861079B52AF0E5FA0056EE0B /* LaunchScreen.storyboard */; };
		861079C02AF0E6A80056EE0B /* ScryfallKit in Frameworks */ = {isa = PBXBuildFile; productRef = 861079BF2AF0E6A80056EE0B /* ScryfallKit */; };
		862086CF2B0CFC30001D3D39 /* DetailTitles.swift in Sources */ = {isa = PBXBuildFile; fileRef = 862086CE2B0CFC30001D3D39 /* DetailTitles.swift */; };
		862086D12B0D0334001D3D39 /* MLSet.swift in Sources */ = {isa = PBXBuildFile; fileRef = 862086D02B0D0334001D3D39 /* MLSet.swift */; };
		862086D32B0D09D8001D3D39 /* SetListUseCase.swift in Sources */ = {isa = PBXBuildFile; fileRef = 862086D22B0D09D8001D3D39 /* SetListUseCase.swift */; };
		862086D62B0E1BFE001D3D39 /* SetCardCell.xib in Resources */ = {isa = PBXBuildFile; fileRef = 862086D52B0E1BFE001D3D39 /* SetCardCell.xib */; };
		862086D82B0E1C28001D3D39 /* SetCardCell.swift in Sources */ = {isa = PBXBuildFile; fileRef = 862086D72B0E1C28001D3D39 /* SetCardCell.swift */; };
		8629EDE22B163EE400189A1C /* SetDetailUseCase.swift in Sources */ = {isa = PBXBuildFile; fileRef = 8629EDE12B163EE400189A1C /* SetDetailUseCase.swift */; };
		8629EDE82B16447C00189A1C /* SetDetailRepository.swift in Sources */ = {isa = PBXBuildFile; fileRef = 8629EDE72B16447C00189A1C /* SetDetailRepository.swift */; };
		8629EDEA2B172A7500189A1C /* FilterForNumbers.swift in Sources */ = {isa = PBXBuildFile; fileRef = 8629EDE92B172A7500189A1C /* FilterForNumbers.swift */; };
		862DC4412B0E5CEF00D06C34 /* Fields.swift in Sources */ = {isa = PBXBuildFile; fileRef = 862DC4402B0E5CEF00D06C34 /* Fields.swift */; };
		86421EB42B0F7C690058D1AE /* CardDetailUseCase.swift in Sources */ = {isa = PBXBuildFile; fileRef = 86421EB32B0F7C690058D1AE /* CardDetailUseCase.swift */; };
		86421EB62B0F7F7D0058D1AE /* CardRulingsRepository.swift in Sources */ = {isa = PBXBuildFile; fileRef = 86421EB52B0F7F7D0058D1AE /* CardRulingsRepository.swift */; };
		86421EB82B0F80580058D1AE /* MLRulingsCard.swift in Sources */ = {isa = PBXBuildFile; fileRef = 86421EB72B0F80580058D1AE /* MLRulingsCard.swift */; };
		86A220A12B039A7100CF1DF6 /* CardCell.xib in Resources */ = {isa = PBXBuildFile; fileRef = 86A220A02B039A7100CF1DF6 /* CardCell.xib */; };
		86A220A32B039FCA00CF1DF6 /* CardCell.swift in Sources */ = {isa = PBXBuildFile; fileRef = 86A220A22B039FCA00CF1DF6 /* CardCell.swift */; };
		86A220A62B03AA5200CF1DF6 /* CardDetailView.xib in Resources */ = {isa = PBXBuildFile; fileRef = 86A220A52B03AA5200CF1DF6 /* CardDetailView.xib */; };
		86A220A82B03AA8300CF1DF6 /* CardDetailViewController.swift in Sources */ = {isa = PBXBuildFile; fileRef = 86A220A72B03AA8300CF1DF6 /* CardDetailViewController.swift */; };
		86A220AB2B04AAFB00CF1DF6 /* DataCardCell.xib in Resources */ = {isa = PBXBuildFile; fileRef = 86A220AA2B04AAFB00CF1DF6 /* DataCardCell.xib */; };
		86A220AD2B04AB0F00CF1DF6 /* DataCardCell.swift in Sources */ = {isa = PBXBuildFile; fileRef = 86A220AC2B04AB0F00CF1DF6 /* DataCardCell.swift */; };
		86A220B32B04B8C100CF1DF6 /* SetListView.xib in Resources */ = {isa = PBXBuildFile; fileRef = 86A220B22B04B8C100CF1DF6 /* SetListView.xib */; };
		86A220B52B04B9C700CF1DF6 /* SetListViewController.swift in Sources */ = {isa = PBXBuildFile; fileRef = 86A220B42B04B9C700CF1DF6 /* SetListViewController.swift */; };
		86A220B72B050B4000CF1DF6 /* CardDetailViewModel.swift in Sources */ = {isa = PBXBuildFile; fileRef = 86A220B62B050B4000CF1DF6 /* CardDetailViewModel.swift */; };
		86A220BC2B050D0800CF1DF6 /* SetListViewModel.swift in Sources */ = {isa = PBXBuildFile; fileRef = 86A220BB2B050D0800CF1DF6 /* SetListViewModel.swift */; };
		86A220BE2B050D1E00CF1DF6 /* SetListCoordinator.swift in Sources */ = {isa = PBXBuildFile; fileRef = 86A220BD2B050D1E00CF1DF6 /* SetListCoordinator.swift */; };
		86A220C12B05112500CF1DF6 /* SelectedSetView.xib in Resources */ = {isa = PBXBuildFile; fileRef = 86A220C02B05112500CF1DF6 /* SelectedSetView.xib */; };
		86A220C32B0513A900CF1DF6 /* SetDetailViewController.swift in Sources */ = {isa = PBXBuildFile; fileRef = 86A220C22B0513A900CF1DF6 /* SetDetailViewController.swift */; };
		86A220C52B0513C100CF1DF6 /* SetDetailViewModel.swift in Sources */ = {isa = PBXBuildFile; fileRef = 86A220C42B0513C100CF1DF6 /* SetDetailViewModel.swift */; };
		86A220C72B05142600CF1DF6 /* SetDetailCoordinator.swift in Sources */ = {isa = PBXBuildFile; fileRef = 86A220C62B05142600CF1DF6 /* SetDetailCoordinator.swift */; };
		86A220CA2B05196000CF1DF6 /* MLCard.swift in Sources */ = {isa = PBXBuildFile; fileRef = 86A220C92B05196000CF1DF6 /* MLCard.swift */; };
		86A7F10E2AFBB67B008F7D6D /* SearchDataCardViewController.swift in Sources */ = {isa = PBXBuildFile; fileRef = 86A7F10D2AFBB67B008F7D6D /* SearchDataCardViewController.swift */; };
		86A7F1102AFBBE0D008F7D6D /* DataCardRepository.swift in Sources */ = {isa = PBXBuildFile; fileRef = 86A7F10F2AFBBE0D008F7D6D /* DataCardRepository.swift */; };
		86A7F1122AFBBE38008F7D6D /* GetDataCardUseCase.swift in Sources */ = {isa = PBXBuildFile; fileRef = 86A7F1112AFBBE38008F7D6D /* GetDataCardUseCase.swift */; };
		86A7F1142AFBBE4D008F7D6D /* SearchDataCardViewModel.swift in Sources */ = {isa = PBXBuildFile; fileRef = 86A7F1132AFBBE4D008F7D6D /* SearchDataCardViewModel.swift */; };
		86A7F11E2B022A25008F7D6D /* RandomCardView.xib in Resources */ = {isa = PBXBuildFile; fileRef = 86A7F11D2B022A25008F7D6D /* RandomCardView.xib */; };
		86A7F1202B022A45008F7D6D /* SearchDataCardView.xib in Resources */ = {isa = PBXBuildFile; fileRef = 86A7F11F2B022A45008F7D6D /* SearchDataCardView.xib */; };
		86A7F1242B0231C2008F7D6D /* RandomCardCoordinator.swift in Sources */ = {isa = PBXBuildFile; fileRef = 86A7F1232B0231C2008F7D6D /* RandomCardCoordinator.swift */; };
		86A7F1262B0231F4008F7D6D /* Assembly.swift in Sources */ = {isa = PBXBuildFile; fileRef = 86A7F1252B0231F4008F7D6D /* Assembly.swift */; };
		86A7F1282B023A4E008F7D6D /* CardDetailCoordinator.swift in Sources */ = {isa = PBXBuildFile; fileRef = 86A7F1272B023A4E008F7D6D /* CardDetailCoordinator.swift */; };
		86A7F12A2B024689008F7D6D /* SearchDataCardCoordinator.swift in Sources */ = {isa = PBXBuildFile; fileRef = 86A7F1292B024689008F7D6D /* SearchDataCardCoordinator.swift */; };
		86A7F12C2B027D41008F7D6D /* RandomCardRepository.swift in Sources */ = {isa = PBXBuildFile; fileRef = 86A7F12B2B027D41008F7D6D /* RandomCardRepository.swift */; };
		86A7F1302B027D7E008F7D6D /* RandomCardViewModel.swift in Sources */ = {isa = PBXBuildFile; fileRef = 86A7F12D2B027D7D008F7D6D /* RandomCardViewModel.swift */; };
		86A7F1312B027D7E008F7D6D /* GetRandomCardUseCase.swift in Sources */ = {isa = PBXBuildFile; fileRef = 86A7F12E2B027D7D008F7D6D /* GetRandomCardUseCase.swift */; };
		86A7F1322B027D7E008F7D6D /* RandomCardViewController.swift in Sources */ = {isa = PBXBuildFile; fileRef = 86A7F12F2B027D7E008F7D6D /* RandomCardViewController.swift */; };
		86C036912B078B7200425C6B /* UITextField+findImage.swift in Sources */ = {isa = PBXBuildFile; fileRef = 86C036902B078B7200425C6B /* UITextField+findImage.swift */; };
		86C036942B0791E000425C6B /* SetDataRepository.swift in Sources */ = {isa = PBXBuildFile; fileRef = 86C036932B0791E000425C6B /* SetDataRepository.swift */; };
/* End PBXBuildFile section */

/* Begin PBXFileReference section */
		861079A72AF0E5F80056EE0B /* MysticLotus.app */ = {isa = PBXFileReference; explicitFileType = wrapper.application; includeInIndex = 0; path = MysticLotus.app; sourceTree = BUILT_PRODUCTS_DIR; };
		861079AA2AF0E5F80056EE0B /* AppDelegate.swift */ = {isa = PBXFileReference; lastKnownFileType = sourcecode.swift; path = AppDelegate.swift; sourceTree = "<group>"; };
		861079B32AF0E5FA0056EE0B /* Assets.xcassets */ = {isa = PBXFileReference; lastKnownFileType = folder.assetcatalog; path = Assets.xcassets; sourceTree = "<group>"; };
		861079B62AF0E5FA0056EE0B /* Base */ = {isa = PBXFileReference; lastKnownFileType = file.storyboard; name = Base; path = Base.lproj/LaunchScreen.storyboard; sourceTree = "<group>"; };
		861079B82AF0E5FA0056EE0B /* Info.plist */ = {isa = PBXFileReference; lastKnownFileType = text.plist.xml; path = Info.plist; sourceTree = "<group>"; };
		862086CE2B0CFC30001D3D39 /* DetailTitles.swift */ = {isa = PBXFileReference; lastKnownFileType = sourcecode.swift; path = DetailTitles.swift; sourceTree = "<group>"; };
		862086D02B0D0334001D3D39 /* MLSet.swift */ = {isa = PBXFileReference; lastKnownFileType = sourcecode.swift; path = MLSet.swift; sourceTree = "<group>"; };
		862086D22B0D09D8001D3D39 /* SetListUseCase.swift */ = {isa = PBXFileReference; lastKnownFileType = sourcecode.swift; path = SetListUseCase.swift; sourceTree = "<group>"; };
		862086D52B0E1BFE001D3D39 /* SetCardCell.xib */ = {isa = PBXFileReference; lastKnownFileType = file.xib; path = SetCardCell.xib; sourceTree = "<group>"; };
		862086D72B0E1C28001D3D39 /* SetCardCell.swift */ = {isa = PBXFileReference; lastKnownFileType = sourcecode.swift; path = SetCardCell.swift; sourceTree = "<group>"; };
		8629EDE12B163EE400189A1C /* SetDetailUseCase.swift */ = {isa = PBXFileReference; lastKnownFileType = sourcecode.swift; path = SetDetailUseCase.swift; sourceTree = "<group>"; };
		8629EDE72B16447C00189A1C /* SetDetailRepository.swift */ = {isa = PBXFileReference; lastKnownFileType = sourcecode.swift; path = SetDetailRepository.swift; sourceTree = "<group>"; };
		8629EDE92B172A7500189A1C /* FilterForNumbers.swift */ = {isa = PBXFileReference; lastKnownFileType = sourcecode.swift; path = FilterForNumbers.swift; sourceTree = "<group>"; };
		862DC4402B0E5CEF00D06C34 /* Fields.swift */ = {isa = PBXFileReference; lastKnownFileType = sourcecode.swift; path = Fields.swift; sourceTree = "<group>"; };
		86421EB32B0F7C690058D1AE /* CardDetailUseCase.swift */ = {isa = PBXFileReference; lastKnownFileType = sourcecode.swift; path = CardDetailUseCase.swift; sourceTree = "<group>"; };
		86421EB52B0F7F7D0058D1AE /* CardRulingsRepository.swift */ = {isa = PBXFileReference; lastKnownFileType = sourcecode.swift; path = CardRulingsRepository.swift; sourceTree = "<group>"; };
		86421EB72B0F80580058D1AE /* MLRulingsCard.swift */ = {isa = PBXFileReference; lastKnownFileType = sourcecode.swift; path = MLRulingsCard.swift; sourceTree = "<group>"; };
		86A220A02B039A7100CF1DF6 /* CardCell.xib */ = {isa = PBXFileReference; lastKnownFileType = file.xib; path = CardCell.xib; sourceTree = "<group>"; };
		86A220A22B039FCA00CF1DF6 /* CardCell.swift */ = {isa = PBXFileReference; lastKnownFileType = sourcecode.swift; path = CardCell.swift; sourceTree = "<group>"; };
		86A220A52B03AA5200CF1DF6 /* CardDetailView.xib */ = {isa = PBXFileReference; lastKnownFileType = file.xib; path = CardDetailView.xib; sourceTree = "<group>"; };
		86A220A72B03AA8300CF1DF6 /* CardDetailViewController.swift */ = {isa = PBXFileReference; lastKnownFileType = sourcecode.swift; path = CardDetailViewController.swift; sourceTree = "<group>"; };
		86A220AA2B04AAFB00CF1DF6 /* DataCardCell.xib */ = {isa = PBXFileReference; lastKnownFileType = file.xib; path = DataCardCell.xib; sourceTree = "<group>"; };
		86A220AC2B04AB0F00CF1DF6 /* DataCardCell.swift */ = {isa = PBXFileReference; lastKnownFileType = sourcecode.swift; path = DataCardCell.swift; sourceTree = "<group>"; };
		86A220B22B04B8C100CF1DF6 /* SetListView.xib */ = {isa = PBXFileReference; lastKnownFileType = file.xib; path = SetListView.xib; sourceTree = "<group>"; };
		86A220B42B04B9C700CF1DF6 /* SetListViewController.swift */ = {isa = PBXFileReference; lastKnownFileType = sourcecode.swift; path = SetListViewController.swift; sourceTree = "<group>"; };
		86A220B62B050B4000CF1DF6 /* CardDetailViewModel.swift */ = {isa = PBXFileReference; lastKnownFileType = sourcecode.swift; path = CardDetailViewModel.swift; sourceTree = "<group>"; };
		86A220BB2B050D0800CF1DF6 /* SetListViewModel.swift */ = {isa = PBXFileReference; lastKnownFileType = sourcecode.swift; path = SetListViewModel.swift; sourceTree = "<group>"; };
		86A220BD2B050D1E00CF1DF6 /* SetListCoordinator.swift */ = {isa = PBXFileReference; lastKnownFileType = sourcecode.swift; path = SetListCoordinator.swift; sourceTree = "<group>"; };
		86A220C02B05112500CF1DF6 /* SelectedSetView.xib */ = {isa = PBXFileReference; lastKnownFileType = file.xib; path = SelectedSetView.xib; sourceTree = "<group>"; };
		86A220C22B0513A900CF1DF6 /* SetDetailViewController.swift */ = {isa = PBXFileReference; lastKnownFileType = sourcecode.swift; path = SetDetailViewController.swift; sourceTree = "<group>"; };
		86A220C42B0513C100CF1DF6 /* SetDetailViewModel.swift */ = {isa = PBXFileReference; lastKnownFileType = sourcecode.swift; path = SetDetailViewModel.swift; sourceTree = "<group>"; };
		86A220C62B05142600CF1DF6 /* SetDetailCoordinator.swift */ = {isa = PBXFileReference; lastKnownFileType = sourcecode.swift; path = SetDetailCoordinator.swift; sourceTree = "<group>"; };
		86A220C92B05196000CF1DF6 /* MLCard.swift */ = {isa = PBXFileReference; lastKnownFileType = sourcecode.swift; path = MLCard.swift; sourceTree = "<group>"; };
		86A7F10D2AFBB67B008F7D6D /* SearchDataCardViewController.swift */ = {isa = PBXFileReference; lastKnownFileType = sourcecode.swift; path = SearchDataCardViewController.swift; sourceTree = "<group>"; };
		86A7F10F2AFBBE0D008F7D6D /* DataCardRepository.swift */ = {isa = PBXFileReference; lastKnownFileType = sourcecode.swift; path = DataCardRepository.swift; sourceTree = "<group>"; };
		86A7F1112AFBBE38008F7D6D /* GetDataCardUseCase.swift */ = {isa = PBXFileReference; lastKnownFileType = sourcecode.swift; path = GetDataCardUseCase.swift; sourceTree = "<group>"; };
		86A7F1132AFBBE4D008F7D6D /* SearchDataCardViewModel.swift */ = {isa = PBXFileReference; lastKnownFileType = sourcecode.swift; path = SearchDataCardViewModel.swift; sourceTree = "<group>"; };
		86A7F11D2B022A25008F7D6D /* RandomCardView.xib */ = {isa = PBXFileReference; lastKnownFileType = file.xib; path = RandomCardView.xib; sourceTree = "<group>"; };
		86A7F11F2B022A45008F7D6D /* SearchDataCardView.xib */ = {isa = PBXFileReference; lastKnownFileType = file.xib; path = SearchDataCardView.xib; sourceTree = "<group>"; };
		86A7F1232B0231C2008F7D6D /* RandomCardCoordinator.swift */ = {isa = PBXFileReference; lastKnownFileType = sourcecode.swift; path = RandomCardCoordinator.swift; sourceTree = "<group>"; };
		86A7F1252B0231F4008F7D6D /* Assembly.swift */ = {isa = PBXFileReference; lastKnownFileType = sourcecode.swift; path = Assembly.swift; sourceTree = "<group>"; };
		86A7F1272B023A4E008F7D6D /* CardDetailCoordinator.swift */ = {isa = PBXFileReference; lastKnownFileType = sourcecode.swift; path = CardDetailCoordinator.swift; sourceTree = "<group>"; };
		86A7F1292B024689008F7D6D /* SearchDataCardCoordinator.swift */ = {isa = PBXFileReference; lastKnownFileType = sourcecode.swift; path = SearchDataCardCoordinator.swift; sourceTree = "<group>"; };
		86A7F12B2B027D41008F7D6D /* RandomCardRepository.swift */ = {isa = PBXFileReference; fileEncoding = 4; lastKnownFileType = sourcecode.swift; path = RandomCardRepository.swift; sourceTree = "<group>"; };
		86A7F12D2B027D7D008F7D6D /* RandomCardViewModel.swift */ = {isa = PBXFileReference; fileEncoding = 4; lastKnownFileType = sourcecode.swift; path = RandomCardViewModel.swift; sourceTree = "<group>"; };
		86A7F12E2B027D7D008F7D6D /* GetRandomCardUseCase.swift */ = {isa = PBXFileReference; fileEncoding = 4; lastKnownFileType = sourcecode.swift; path = GetRandomCardUseCase.swift; sourceTree = "<group>"; };
		86A7F12F2B027D7E008F7D6D /* RandomCardViewController.swift */ = {isa = PBXFileReference; fileEncoding = 4; lastKnownFileType = sourcecode.swift; path = RandomCardViewController.swift; sourceTree = "<group>"; };
		86C036902B078B7200425C6B /* UITextField+findImage.swift */ = {isa = PBXFileReference; lastKnownFileType = sourcecode.swift; path = "UITextField+findImage.swift"; sourceTree = "<group>"; };
		86C036932B0791E000425C6B /* SetDataRepository.swift */ = {isa = PBXFileReference; lastKnownFileType = sourcecode.swift; path = SetDataRepository.swift; sourceTree = "<group>"; };
/* End PBXFileReference section */

/* Begin PBXFrameworksBuildPhase section */
		861079A42AF0E5F80056EE0B /* Frameworks */ = {
			isa = PBXFrameworksBuildPhase;
			buildActionMask = 2147483647;
			files = (
				861079C02AF0E6A80056EE0B /* ScryfallKit in Frameworks */,
			);
			runOnlyForDeploymentPostprocessing = 0;
		};
/* End PBXFrameworksBuildPhase section */

/* Begin PBXGroup section */
		8610799E2AF0E5F80056EE0B = {
			isa = PBXGroup;
			children = (
				861079A92AF0E5F80056EE0B /* MysticLotus */,
				861079A82AF0E5F80056EE0B /* Products */,
			);
			sourceTree = "<group>";
		};
		861079A82AF0E5F80056EE0B /* Products */ = {
			isa = PBXGroup;
			children = (
				861079A72AF0E5F80056EE0B /* MysticLotus.app */,
			);
			name = Products;
			sourceTree = "<group>";
		};
		861079A92AF0E5F80056EE0B /* MysticLotus */ = {
			isa = PBXGroup;
			children = (
				86A7F1252B0231F4008F7D6D /* Assembly.swift */,
				861079AA2AF0E5F80056EE0B /* AppDelegate.swift */,
				861079B32AF0E5FA0056EE0B /* Assets.xcassets */,
				861079B52AF0E5FA0056EE0B /* LaunchScreen.storyboard */,
				861079B82AF0E5FA0056EE0B /* Info.plist */,
				86C036922B07910100425C6B /* Repositories */,
				86C0368F2B078B3F00425C6B /* Extensions */,
				86A220BA2B050C3A00CF1DF6 /* Common */,
				868034582AF8E94100155B93 /* Scenes */,
			);
			path = MysticLotus;
			sourceTree = "<group>";
		};
		862086D42B0E1BC5001D3D39 /* Cell */ = {
			isa = PBXGroup;
			children = (
				862086D52B0E1BFE001D3D39 /* SetCardCell.xib */,
				862086D72B0E1C28001D3D39 /* SetCardCell.swift */,
			);
			path = Cell;
			sourceTree = "<group>";
		};
		868034582AF8E94100155B93 /* Scenes */ = {
			isa = PBXGroup;
			children = (
				86A220BF2B050EAE00CF1DF6 /* SelectedSetDetail */,
				86A220A92B04AA5C00CF1DF6 /* SetData */,
				86A220A42B03AA1800CF1DF6 /* CardDetail */,
				86A7F10C2AFBB635008F7D6D /* SearchDataCard */,
				868034632AF93FDA00155B93 /* RandomCard */,
			);
			path = Scenes;
			sourceTree = "<group>";
		};
		868034632AF93FDA00155B93 /* RandomCard */ = {
			isa = PBXGroup;
			children = (
				86A7F12B2B027D41008F7D6D /* RandomCardRepository.swift */,
				86A7F12E2B027D7D008F7D6D /* GetRandomCardUseCase.swift */,
				86A7F12D2B027D7D008F7D6D /* RandomCardViewModel.swift */,
				86A7F12F2B027D7E008F7D6D /* RandomCardViewController.swift */,
				86A7F1232B0231C2008F7D6D /* RandomCardCoordinator.swift */,
				86A7F11D2B022A25008F7D6D /* RandomCardView.xib */,
			);
			path = RandomCard;
			sourceTree = "<group>";
		};
		86A2209F2B039A4600CF1DF6 /* Cell */ = {
			isa = PBXGroup;
			children = (
				86A220A02B039A7100CF1DF6 /* CardCell.xib */,
				86A220A22B039FCA00CF1DF6 /* CardCell.swift */,
			);
			path = Cell;
			sourceTree = "<group>";
		};
		86A220A42B03AA1800CF1DF6 /* CardDetail */ = {
			isa = PBXGroup;
			children = (
				86421EB32B0F7C690058D1AE /* CardDetailUseCase.swift */,
				86A220B62B050B4000CF1DF6 /* CardDetailViewModel.swift */,
				86A220A72B03AA8300CF1DF6 /* CardDetailViewController.swift */,
				86A7F1272B023A4E008F7D6D /* CardDetailCoordinator.swift */,
				86A220A52B03AA5200CF1DF6 /* CardDetailView.xib */,
			);
			path = CardDetail;
			sourceTree = "<group>";
		};
		86A220A92B04AA5C00CF1DF6 /* SetData */ = {
			isa = PBXGroup;
			children = (
				862086D22B0D09D8001D3D39 /* SetListUseCase.swift */,
				86A220BB2B050D0800CF1DF6 /* SetListViewModel.swift */,
				86A220B42B04B9C700CF1DF6 /* SetListViewController.swift */,
				86A220BD2B050D1E00CF1DF6 /* SetListCoordinator.swift */,
				86A220B22B04B8C100CF1DF6 /* SetListView.xib */,
			);
			path = SetData;
			sourceTree = "<group>";
		};
		86A220B92B050B9A00CF1DF6 /* Cell */ = {
			isa = PBXGroup;
			children = (
				86A220AC2B04AB0F00CF1DF6 /* DataCardCell.swift */,
				86A220AA2B04AAFB00CF1DF6 /* DataCardCell.xib */,
			);
			path = Cell;
			sourceTree = "<group>";
		};
		86A220BA2B050C3A00CF1DF6 /* Common */ = {
			isa = PBXGroup;
			children = (
				86A220C82B05194800CF1DF6 /* Models */,
				86A220B92B050B9A00CF1DF6 /* Cell */,
			);
			path = Common;
			sourceTree = "<group>";
		};
		86A220BF2B050EAE00CF1DF6 /* SelectedSetDetail */ = {
			isa = PBXGroup;
			children = (
				8629EDE12B163EE400189A1C /* SetDetailUseCase.swift */,
				86A220C42B0513C100CF1DF6 /* SetDetailViewModel.swift */,
				86A220C22B0513A900CF1DF6 /* SetDetailViewController.swift */,
				86A220C62B05142600CF1DF6 /* SetDetailCoordinator.swift */,
				8629EDE72B16447C00189A1C /* SetDetailRepository.swift */,
				86A220C02B05112500CF1DF6 /* SelectedSetView.xib */,
				862086D42B0E1BC5001D3D39 /* Cell */,
			);
			path = SelectedSetDetail;
			sourceTree = "<group>";
		};
		86A220C82B05194800CF1DF6 /* Models */ = {
			isa = PBXGroup;
			children = (
				86A220C92B05196000CF1DF6 /* MLCard.swift */,
				862086CE2B0CFC30001D3D39 /* DetailTitles.swift */,
				862086D02B0D0334001D3D39 /* MLSet.swift */,
				862DC4402B0E5CEF00D06C34 /* Fields.swift */,
				86421EB72B0F80580058D1AE /* MLRulingsCard.swift */,
			);
			path = Models;
			sourceTree = "<group>";
		};
		86A7F10C2AFBB635008F7D6D /* SearchDataCard */ = {
			isa = PBXGroup;
			children = (
				86A7F1112AFBBE38008F7D6D /* GetDataCardUseCase.swift */,
				86A7F1132AFBBE4D008F7D6D /* SearchDataCardViewModel.swift */,
				86A7F10D2AFBB67B008F7D6D /* SearchDataCardViewController.swift */,
				86A7F1292B024689008F7D6D /* SearchDataCardCoordinator.swift */,
				86A7F11F2B022A45008F7D6D /* SearchDataCardView.xib */,
				86A2209F2B039A4600CF1DF6 /* Cell */,
			);
			path = SearchDataCard;
			sourceTree = "<group>";
		};
		86C0368F2B078B3F00425C6B /* Extensions */ = {
			isa = PBXGroup;
			children = (
				86C036902B078B7200425C6B /* UITextField+findImage.swift */,
				8629EDE92B172A7500189A1C /* FilterForNumbers.swift */,
			);
			path = Extensions;
			sourceTree = "<group>";
		};
		86C036922B07910100425C6B /* Repositories */ = {
			isa = PBXGroup;
			children = (
				86A7F10F2AFBBE0D008F7D6D /* DataCardRepository.swift */,
				86421EB52B0F7F7D0058D1AE /* CardRulingsRepository.swift */,
				86C036932B0791E000425C6B /* SetDataRepository.swift */,
			);
			path = Repositories;
			sourceTree = "<group>";
		};
/* End PBXGroup section */

/* Begin PBXNativeTarget section */
		861079A62AF0E5F80056EE0B /* MysticLotus */ = {
			isa = PBXNativeTarget;
			buildConfigurationList = 861079BB2AF0E5FA0056EE0B /* Build configuration list for PBXNativeTarget "MysticLotus" */;
			buildPhases = (
				861079A32AF0E5F80056EE0B /* Sources */,
				861079A42AF0E5F80056EE0B /* Frameworks */,
				861079A52AF0E5F80056EE0B /* Resources */,
			);
			buildRules = (
			);
			dependencies = (
			);
			name = MysticLotus;
			packageProductDependencies = (
				861079BF2AF0E6A80056EE0B /* ScryfallKit */,
			);
			productName = MysticLotus;
			productReference = 861079A72AF0E5F80056EE0B /* MysticLotus.app */;
			productType = "com.apple.product-type.application";
		};
/* End PBXNativeTarget section */

/* Begin PBXProject section */
		8610799F2AF0E5F80056EE0B /* Project object */ = {
			isa = PBXProject;
			attributes = {
				BuildIndependentTargetsInParallel = 1;
				LastSwiftUpdateCheck = 1500;
				LastUpgradeCheck = 1500;
				TargetAttributes = {
					861079A62AF0E5F80056EE0B = {
						CreatedOnToolsVersion = 15.0;
					};
				};
			};
			buildConfigurationList = 861079A22AF0E5F80056EE0B /* Build configuration list for PBXProject "MysticLotus" */;
			compatibilityVersion = "Xcode 14.0";
			developmentRegion = en;
			hasScannedForEncodings = 0;
			knownRegions = (
				en,
				Base,
			);
			mainGroup = 8610799E2AF0E5F80056EE0B;
			packageReferences = (
				861079BE2AF0E6A80056EE0B /* XCRemoteSwiftPackageReference "ScryfallKit" */,
			);
			productRefGroup = 861079A82AF0E5F80056EE0B /* Products */;
			projectDirPath = "";
			projectRoot = "";
			targets = (
				861079A62AF0E5F80056EE0B /* MysticLotus */,
			);
		};
/* End PBXProject section */

/* Begin PBXResourcesBuildPhase section */
		861079A52AF0E5F80056EE0B /* Resources */ = {
			isa = PBXResourcesBuildPhase;
			buildActionMask = 2147483647;
			files = (
				861079B72AF0E5FA0056EE0B /* LaunchScreen.storyboard in Resources */,
				86A7F1202B022A45008F7D6D /* SearchDataCardView.xib in Resources */,
				86A220C12B05112500CF1DF6 /* SelectedSetView.xib in Resources */,
				86A220B32B04B8C100CF1DF6 /* SetListView.xib in Resources */,
				86A220A12B039A7100CF1DF6 /* CardCell.xib in Resources */,
				86A220A62B03AA5200CF1DF6 /* CardDetailView.xib in Resources */,
				86A7F11E2B022A25008F7D6D /* RandomCardView.xib in Resources */,
				861079B42AF0E5FA0056EE0B /* Assets.xcassets in Resources */,
				862086D62B0E1BFE001D3D39 /* SetCardCell.xib in Resources */,
				86A220AB2B04AAFB00CF1DF6 /* DataCardCell.xib in Resources */,
			);
			runOnlyForDeploymentPostprocessing = 0;
		};
/* End PBXResourcesBuildPhase section */

/* Begin PBXSourcesBuildPhase section */
		861079A32AF0E5F80056EE0B /* Sources */ = {
			isa = PBXSourcesBuildPhase;
			buildActionMask = 2147483647;
			files = (
				862DC4412B0E5CEF00D06C34 /* Fields.swift in Sources */,
				8629EDE22B163EE400189A1C /* SetDetailUseCase.swift in Sources */,
				86A7F10E2AFBB67B008F7D6D /* SearchDataCardViewController.swift in Sources */,
				8629EDE82B16447C00189A1C /* SetDetailRepository.swift in Sources */,
				86A220AD2B04AB0F00CF1DF6 /* DataCardCell.swift in Sources */,
				86A7F1242B0231C2008F7D6D /* RandomCardCoordinator.swift in Sources */,
				86A220BE2B050D1E00CF1DF6 /* SetListCoordinator.swift in Sources */,
				86A7F1102AFBBE0D008F7D6D /* DataCardRepository.swift in Sources */,
				86A7F1122AFBBE38008F7D6D /* GetDataCardUseCase.swift in Sources */,
				86421EB62B0F7F7D0058D1AE /* CardRulingsRepository.swift in Sources */,
				862086CF2B0CFC30001D3D39 /* DetailTitles.swift in Sources */,
				86A7F1282B023A4E008F7D6D /* CardDetailCoordinator.swift in Sources */,
				86A220C72B05142600CF1DF6 /* SetDetailCoordinator.swift in Sources */,
				86A220C52B0513C100CF1DF6 /* SetDetailViewModel.swift in Sources */,
				86A7F1312B027D7E008F7D6D /* GetRandomCardUseCase.swift in Sources */,
				861079AB2AF0E5F80056EE0B /* AppDelegate.swift in Sources */,
				86421EB42B0F7C690058D1AE /* CardDetailUseCase.swift in Sources */,
				86A220CA2B05196000CF1DF6 /* MLCard.swift in Sources */,
				86A220A32B039FCA00CF1DF6 /* CardCell.swift in Sources */,
				86A220B72B050B4000CF1DF6 /* CardDetailViewModel.swift in Sources */,
				86A7F1322B027D7E008F7D6D /* RandomCardViewController.swift in Sources */,
				862086D82B0E1C28001D3D39 /* SetCardCell.swift in Sources */,
				86A7F12C2B027D41008F7D6D /* RandomCardRepository.swift in Sources */,
				86421EB82B0F80580058D1AE /* MLRulingsCard.swift in Sources */,
				862086D12B0D0334001D3D39 /* MLSet.swift in Sources */,
				86A220BC2B050D0800CF1DF6 /* SetListViewModel.swift in Sources */,
				86A220A82B03AA8300CF1DF6 /* CardDetailViewController.swift in Sources */,
				86A220B52B04B9C700CF1DF6 /* SetListViewController.swift in Sources */,
				86A7F12A2B024689008F7D6D /* SearchDataCardCoordinator.swift in Sources */,
				86A220C32B0513A900CF1DF6 /* SetDetailViewController.swift in Sources */,
				862086D32B0D09D8001D3D39 /* SetListUseCase.swift in Sources */,
				86C036912B078B7200425C6B /* UITextField+findImage.swift in Sources */,
				86A7F1262B0231F4008F7D6D /* Assembly.swift in Sources */,
				86C036942B0791E000425C6B /* SetDataRepository.swift in Sources */,
				86A7F1302B027D7E008F7D6D /* RandomCardViewModel.swift in Sources */,
				86A7F1142AFBBE4D008F7D6D /* SearchDataCardViewModel.swift in Sources */,
				8629EDEA2B172A7500189A1C /* FilterForNumbers.swift in Sources */,
			);
			runOnlyForDeploymentPostprocessing = 0;
		};
/* End PBXSourcesBuildPhase section */

/* Begin PBXVariantGroup section */
		861079B52AF0E5FA0056EE0B /* LaunchScreen.storyboard */ = {
			isa = PBXVariantGroup;
			children = (
				861079B62AF0E5FA0056EE0B /* Base */,
			);
			name = LaunchScreen.storyboard;
			sourceTree = "<group>";
		};
/* End PBXVariantGroup section */

/* Begin XCBuildConfiguration section */
		861079B92AF0E5FA0056EE0B /* Debug */ = {
			isa = XCBuildConfiguration;
			buildSettings = {
				ALWAYS_SEARCH_USER_PATHS = NO;
				ASSETCATALOG_COMPILER_GENERATE_SWIFT_ASSET_SYMBOL_EXTENSIONS = YES;
				CLANG_ANALYZER_NONNULL = YES;
				CLANG_ANALYZER_NUMBER_OBJECT_CONVERSION = YES_AGGRESSIVE;
				CLANG_CXX_LANGUAGE_STANDARD = "gnu++20";
				CLANG_ENABLE_MODULES = YES;
				CLANG_ENABLE_OBJC_ARC = YES;
				CLANG_ENABLE_OBJC_WEAK = YES;
				CLANG_WARN_BLOCK_CAPTURE_AUTORELEASING = YES;
				CLANG_WARN_BOOL_CONVERSION = YES;
				CLANG_WARN_COMMA = YES;
				CLANG_WARN_CONSTANT_CONVERSION = YES;
				CLANG_WARN_DEPRECATED_OBJC_IMPLEMENTATIONS = YES;
				CLANG_WARN_DIRECT_OBJC_ISA_USAGE = YES_ERROR;
				CLANG_WARN_DOCUMENTATION_COMMENTS = YES;
				CLANG_WARN_EMPTY_BODY = YES;
				CLANG_WARN_ENUM_CONVERSION = YES;
				CLANG_WARN_INFINITE_RECURSION = YES;
				CLANG_WARN_INT_CONVERSION = YES;
				CLANG_WARN_NON_LITERAL_NULL_CONVERSION = YES;
				CLANG_WARN_OBJC_IMPLICIT_RETAIN_SELF = YES;
				CLANG_WARN_OBJC_LITERAL_CONVERSION = YES;
				CLANG_WARN_OBJC_ROOT_CLASS = YES_ERROR;
				CLANG_WARN_QUOTED_INCLUDE_IN_FRAMEWORK_HEADER = YES;
				CLANG_WARN_RANGE_LOOP_ANALYSIS = YES;
				CLANG_WARN_STRICT_PROTOTYPES = YES;
				CLANG_WARN_SUSPICIOUS_MOVE = YES;
				CLANG_WARN_UNGUARDED_AVAILABILITY = YES_AGGRESSIVE;
				CLANG_WARN_UNREACHABLE_CODE = YES;
				CLANG_WARN__DUPLICATE_METHOD_MATCH = YES;
				COPY_PHASE_STRIP = NO;
				DEBUG_INFORMATION_FORMAT = dwarf;
				ENABLE_STRICT_OBJC_MSGSEND = YES;
				ENABLE_TESTABILITY = YES;
				ENABLE_USER_SCRIPT_SANDBOXING = YES;
				GCC_C_LANGUAGE_STANDARD = gnu17;
				GCC_DYNAMIC_NO_PIC = NO;
				GCC_NO_COMMON_BLOCKS = YES;
				GCC_OPTIMIZATION_LEVEL = 0;
				GCC_PREPROCESSOR_DEFINITIONS = (
					"DEBUG=1",
					"$(inherited)",
				);
				GCC_WARN_64_TO_32_BIT_CONVERSION = YES;
				GCC_WARN_ABOUT_RETURN_TYPE = YES_ERROR;
				GCC_WARN_UNDECLARED_SELECTOR = YES;
				GCC_WARN_UNINITIALIZED_AUTOS = YES_AGGRESSIVE;
				GCC_WARN_UNUSED_FUNCTION = YES;
				GCC_WARN_UNUSED_VARIABLE = YES;
				IPHONEOS_DEPLOYMENT_TARGET = 17.0;
				LOCALIZATION_PREFERS_STRING_CATALOGS = YES;
				MTL_ENABLE_DEBUG_INFO = INCLUDE_SOURCE;
				MTL_FAST_MATH = YES;
				ONLY_ACTIVE_ARCH = YES;
				SDKROOT = iphoneos;
				SWIFT_ACTIVE_COMPILATION_CONDITIONS = "DEBUG $(inherited)";
				SWIFT_OPTIMIZATION_LEVEL = "-Onone";
			};
			name = Debug;
		};
		861079BA2AF0E5FA0056EE0B /* Release */ = {
			isa = XCBuildConfiguration;
			buildSettings = {
				ALWAYS_SEARCH_USER_PATHS = NO;
				ASSETCATALOG_COMPILER_GENERATE_SWIFT_ASSET_SYMBOL_EXTENSIONS = YES;
				CLANG_ANALYZER_NONNULL = YES;
				CLANG_ANALYZER_NUMBER_OBJECT_CONVERSION = YES_AGGRESSIVE;
				CLANG_CXX_LANGUAGE_STANDARD = "gnu++20";
				CLANG_ENABLE_MODULES = YES;
				CLANG_ENABLE_OBJC_ARC = YES;
				CLANG_ENABLE_OBJC_WEAK = YES;
				CLANG_WARN_BLOCK_CAPTURE_AUTORELEASING = YES;
				CLANG_WARN_BOOL_CONVERSION = YES;
				CLANG_WARN_COMMA = YES;
				CLANG_WARN_CONSTANT_CONVERSION = YES;
				CLANG_WARN_DEPRECATED_OBJC_IMPLEMENTATIONS = YES;
				CLANG_WARN_DIRECT_OBJC_ISA_USAGE = YES_ERROR;
				CLANG_WARN_DOCUMENTATION_COMMENTS = YES;
				CLANG_WARN_EMPTY_BODY = YES;
				CLANG_WARN_ENUM_CONVERSION = YES;
				CLANG_WARN_INFINITE_RECURSION = YES;
				CLANG_WARN_INT_CONVERSION = YES;
				CLANG_WARN_NON_LITERAL_NULL_CONVERSION = YES;
				CLANG_WARN_OBJC_IMPLICIT_RETAIN_SELF = YES;
				CLANG_WARN_OBJC_LITERAL_CONVERSION = YES;
				CLANG_WARN_OBJC_ROOT_CLASS = YES_ERROR;
				CLANG_WARN_QUOTED_INCLUDE_IN_FRAMEWORK_HEADER = YES;
				CLANG_WARN_RANGE_LOOP_ANALYSIS = YES;
				CLANG_WARN_STRICT_PROTOTYPES = YES;
				CLANG_WARN_SUSPICIOUS_MOVE = YES;
				CLANG_WARN_UNGUARDED_AVAILABILITY = YES_AGGRESSIVE;
				CLANG_WARN_UNREACHABLE_CODE = YES;
				CLANG_WARN__DUPLICATE_METHOD_MATCH = YES;
				COPY_PHASE_STRIP = NO;
				DEBUG_INFORMATION_FORMAT = "dwarf-with-dsym";
				ENABLE_NS_ASSERTIONS = NO;
				ENABLE_STRICT_OBJC_MSGSEND = YES;
				ENABLE_USER_SCRIPT_SANDBOXING = YES;
				GCC_C_LANGUAGE_STANDARD = gnu17;
				GCC_NO_COMMON_BLOCKS = YES;
				GCC_WARN_64_TO_32_BIT_CONVERSION = YES;
				GCC_WARN_ABOUT_RETURN_TYPE = YES_ERROR;
				GCC_WARN_UNDECLARED_SELECTOR = YES;
				GCC_WARN_UNINITIALIZED_AUTOS = YES_AGGRESSIVE;
				GCC_WARN_UNUSED_FUNCTION = YES;
				GCC_WARN_UNUSED_VARIABLE = YES;
				IPHONEOS_DEPLOYMENT_TARGET = 17.0;
				LOCALIZATION_PREFERS_STRING_CATALOGS = YES;
				MTL_ENABLE_DEBUG_INFO = NO;
				MTL_FAST_MATH = YES;
				SDKROOT = iphoneos;
				SWIFT_COMPILATION_MODE = wholemodule;
				VALIDATE_PRODUCT = YES;
			};
			name = Release;
		};
		861079BC2AF0E5FA0056EE0B /* Debug */ = {
			isa = XCBuildConfiguration;
			buildSettings = {
				ASSETCATALOG_COMPILER_APPICON_NAME = AppIcon;
				ASSETCATALOG_COMPILER_GLOBAL_ACCENT_COLOR_NAME = AccentColor;
				CODE_SIGN_STYLE = Automatic;
				CURRENT_PROJECT_VERSION = 1;
				DEVELOPMENT_TEAM = A523V7ALY6;
				GENERATE_INFOPLIST_FILE = YES;
				INFOPLIST_FILE = MysticLotus/Info.plist;
				INFOPLIST_KEY_UIApplicationSupportsIndirectInputEvents = YES;
				INFOPLIST_KEY_UILaunchStoryboardName = LaunchScreen;
				INFOPLIST_KEY_UISupportedInterfaceOrientations_iPad = "UIInterfaceOrientationPortrait UIInterfaceOrientationPortraitUpsideDown UIInterfaceOrientationLandscapeLeft UIInterfaceOrientationLandscapeRight";
				INFOPLIST_KEY_UISupportedInterfaceOrientations_iPhone = "UIInterfaceOrientationPortrait UIInterfaceOrientationLandscapeLeft UIInterfaceOrientationLandscapeRight";
				IPHONEOS_DEPLOYMENT_TARGET = 16.5;
				LD_RUNPATH_SEARCH_PATHS = (
					"$(inherited)",
					"@executable_path/Frameworks",
				);
				MARKETING_VERSION = 1.0;
				PRODUCT_BUNDLE_IDENTIFIER = Test.MysticLotus;
				PRODUCT_NAME = "$(TARGET_NAME)";
				SWIFT_EMIT_LOC_STRINGS = YES;
				SWIFT_VERSION = 5.0;
				TARGETED_DEVICE_FAMILY = "1,2";
			};
			name = Debug;
		};
		861079BD2AF0E5FA0056EE0B /* Release */ = {
			isa = XCBuildConfiguration;
			buildSettings = {
				ASSETCATALOG_COMPILER_APPICON_NAME = AppIcon;
				ASSETCATALOG_COMPILER_GLOBAL_ACCENT_COLOR_NAME = AccentColor;
				CODE_SIGN_STYLE = Automatic;
				CURRENT_PROJECT_VERSION = 1;
				DEVELOPMENT_TEAM = A523V7ALY6;
				GENERATE_INFOPLIST_FILE = YES;
				INFOPLIST_FILE = MysticLotus/Info.plist;
				INFOPLIST_KEY_UIApplicationSupportsIndirectInputEvents = YES;
				INFOPLIST_KEY_UILaunchStoryboardName = LaunchScreen;
				INFOPLIST_KEY_UISupportedInterfaceOrientations_iPad = "UIInterfaceOrientationPortrait UIInterfaceOrientationPortraitUpsideDown UIInterfaceOrientationLandscapeLeft UIInterfaceOrientationLandscapeRight";
				INFOPLIST_KEY_UISupportedInterfaceOrientations_iPhone = "UIInterfaceOrientationPortrait UIInterfaceOrientationLandscapeLeft UIInterfaceOrientationLandscapeRight";
				IPHONEOS_DEPLOYMENT_TARGET = 16.5;
				LD_RUNPATH_SEARCH_PATHS = (
					"$(inherited)",
					"@executable_path/Frameworks",
				);
				MARKETING_VERSION = 1.0;
				PRODUCT_BUNDLE_IDENTIFIER = Test.MysticLotus;
				PRODUCT_NAME = "$(TARGET_NAME)";
				SWIFT_EMIT_LOC_STRINGS = YES;
				SWIFT_VERSION = 5.0;
				TARGETED_DEVICE_FAMILY = "1,2";
			};
			name = Release;
		};
/* End XCBuildConfiguration section */

/* Begin XCConfigurationList section */
		861079A22AF0E5F80056EE0B /* Build configuration list for PBXProject "MysticLotus" */ = {
			isa = XCConfigurationList;
			buildConfigurations = (
				861079B92AF0E5FA0056EE0B /* Debug */,
				861079BA2AF0E5FA0056EE0B /* Release */,
			);
			defaultConfigurationIsVisible = 0;
			defaultConfigurationName = Release;
		};
		861079BB2AF0E5FA0056EE0B /* Build configuration list for PBXNativeTarget "MysticLotus" */ = {
			isa = XCConfigurationList;
			buildConfigurations = (
				861079BC2AF0E5FA0056EE0B /* Debug */,
				861079BD2AF0E5FA0056EE0B /* Release */,
			);
			defaultConfigurationIsVisible = 0;
			defaultConfigurationName = Release;
		};
/* End XCConfigurationList section */

/* Begin XCRemoteSwiftPackageReference section */
		861079BE2AF0E6A80056EE0B /* XCRemoteSwiftPackageReference "ScryfallKit" */ = {
			isa = XCRemoteSwiftPackageReference;
			repositoryURL = "https://github.com/JacobHearst/ScryfallKit";
			requirement = {
				kind = upToNextMajorVersion;
				minimumVersion = 5.0.0;
			};
		};
/* End XCRemoteSwiftPackageReference section */

/* Begin XCSwiftPackageProductDependency section */
		861079BF2AF0E6A80056EE0B /* ScryfallKit */ = {
			isa = XCSwiftPackageProductDependency;
			package = 861079BE2AF0E6A80056EE0B /* XCRemoteSwiftPackageReference "ScryfallKit" */;
			productName = ScryfallKit;
		};
/* End XCSwiftPackageProductDependency section */
	};
	rootObject = 8610799F2AF0E5F80056EE0B /* Project object */;
}
